
Microsoft Visual Studio Solution File, Format Version 12.00
# Visual Studio Version 17
VisualStudioVersion = 17.10.35122.118
MinimumVisualStudioVersion = 10.0.40219.1
Project("{FAE04EC0-301F-11D3-BF4B-00C04F79EFBC}") = "TodoListApp", "TodoListApp.csproj", "{674781B9-112F-495D-8CD3-29DA03EADE97}"
EndProject
Global
	GlobalSection(SolutionConfigurationPlatforms) = preSolution
		Debug|Any CPU = Debug|Any CPU
		Release|Any CPU = Release|Any CPU
	EndGlobalSection
	GlobalSection(ProjectConfigurationPlatforms) = postSolution
		{674781B9-112F-495D-8CD3-29DA03EADE97}.Debug|Any CPU.ActiveCfg = Debug|Any CPU
		{674781B9-112F-495D-8CD3-29DA03EADE97}.Debug|Any CPU.Build.0 = Debug|Any CPU
		{674781B9-112F-495D-8CD3-29DA03EADE97}.Debug|Any CPU.Deploy.0 = Debug|Any CPU
		{674781B9-112F-495D-8CD3-29DA03EADE97}.Release|Any CPU.ActiveCfg = Release|Any CPU
		{674781B9-112F-495D-8CD3-29DA03EADE97}.Release|Any CPU.Build.0 = Release|Any CPU
		{674781B9-112F-495D-8CD3-29DA03EADE97}.Release|Any CPU.Deploy.0 = Release|Any CPU
	EndGlobalSection
	GlobalSection(SolutionProperties) = preSolution
		HideSolutionNode = FALSE
	EndGlobalSection
	GlobalSection(ExtensibilityGlobals) = postSolution
		SolutionGuid = {0293099E-5739-47F8-9B6D-8CF688AE7F69}
	EndGlobalSection
EndGlobal
